// !$*UTF8*$!
{
	archiveVersion = 1;
	classes = {
	};
	objectVersion = 48;
	objects = {

/* Begin PBXBuildFile section */
		07089B512053E6440080E10C /* TodoPicker.swift in Sources */ = {isa = PBXBuildFile; fileRef = 07089B502053E6440080E10C /* TodoPicker.swift */; };
		07089B54205B8D8E0080E10C /* libsqlite3.tbd in Frameworks */ = {isa = PBXBuildFile; fileRef = 07089B53205B8D8E0080E10C /* libsqlite3.tbd */; };
		07089B56205D5DF00080E10C /* SqliteUtil.swift in Sources */ = {isa = PBXBuildFile; fileRef = 07089B55205D5DF00080E10C /* SqliteUtil.swift */; };
		07089B5A205FD3D00080E10C /* TodoModel.swift in Sources */ = {isa = PBXBuildFile; fileRef = 07089B59205FD3CF0080E10C /* TodoModel.swift */; };
		073FA4DF2050FB0400168DA5 /* AppDelegate.swift in Sources */ = {isa = PBXBuildFile; fileRef = 073FA4DE2050FB0400168DA5 /* AppDelegate.swift */; };
		073FA4E12050FB0400168DA5 /* ViewController.swift in Sources */ = {isa = PBXBuildFile; fileRef = 073FA4E02050FB0400168DA5 /* ViewController.swift */; };
		073FA4E42050FB0400168DA5 /* Main.storyboard in Resources */ = {isa = PBXBuildFile; fileRef = 073FA4E22050FB0400168DA5 /* Main.storyboard */; };
		073FA4E72050FB0400168DA5 /* TimePie.xcdatamodeld in Sources */ = {isa = PBXBuildFile; fileRef = 073FA4E52050FB0400168DA5 /* TimePie.xcdatamodeld */; };
		073FA4E92050FB0400168DA5 /* Assets.xcassets in Resources */ = {isa = PBXBuildFile; fileRef = 073FA4E82050FB0400168DA5 /* Assets.xcassets */; };
		073FA4EC2050FB0400168DA5 /* LaunchScreen.storyboard in Resources */ = {isa = PBXBuildFile; fileRef = 073FA4EA2050FB0400168DA5 /* LaunchScreen.storyboard */; };
		0766A126217CAABB00FFED14 /* CalendarUtil.swift in Sources */ = {isa = PBXBuildFile; fileRef = 0766A125217CAABB00FFED14 /* CalendarUtil.swift */; };
		07FD80E82052A8C6007D6187 /* actions.json in Resources */ = {isa = PBXBuildFile; fileRef = 073FA4F7205134A000168DA5 /* actions.json */; };
/* End PBXBuildFile section */

/* Begin PBXFileReference section */
		07089B502053E6440080E10C /* TodoPicker.swift */ = {isa = PBXFileReference; lastKnownFileType = sourcecode.swift; path = TodoPicker.swift; sourceTree = "<group>"; };
		07089B53205B8D8E0080E10C /* libsqlite3.tbd */ = {isa = PBXFileReference; lastKnownFileType = "sourcecode.text-based-dylib-definition"; name = libsqlite3.tbd; path = usr/lib/libsqlite3.tbd; sourceTree = SDKROOT; };
		07089B55205D5DF00080E10C /* SqliteUtil.swift */ = {isa = PBXFileReference; lastKnownFileType = sourcecode.swift; path = SqliteUtil.swift; sourceTree = "<group>"; };
		07089B59205FD3CF0080E10C /* TodoModel.swift */ = {isa = PBXFileReference; lastKnownFileType = sourcecode.swift; path = TodoModel.swift; sourceTree = "<group>"; };
		073FA4DB2050FB0400168DA5 /* TimePie.app */ = {isa = PBXFileReference; explicitFileType = wrapper.application; includeInIndex = 0; path = TimePie.app; sourceTree = BUILT_PRODUCTS_DIR; };
		073FA4DE2050FB0400168DA5 /* AppDelegate.swift */ = {isa = PBXFileReference; lastKnownFileType = sourcecode.swift; path = AppDelegate.swift; sourceTree = "<group>"; };
		073FA4E02050FB0400168DA5 /* ViewController.swift */ = {isa = PBXFileReference; lastKnownFileType = sourcecode.swift; path = ViewController.swift; sourceTree = "<group>"; };
		073FA4E32050FB0400168DA5 /* Base */ = {isa = PBXFileReference; lastKnownFileType = file.storyboard; name = Base; path = Base.lproj/Main.storyboard; sourceTree = "<group>"; };
		073FA4E62050FB0400168DA5 /* TimePie.xcdatamodel */ = {isa = PBXFileReference; lastKnownFileType = wrapper.xcdatamodel; path = TimePie.xcdatamodel; sourceTree = "<group>"; };
		073FA4E82050FB0400168DA5 /* Assets.xcassets */ = {isa = PBXFileReference; lastKnownFileType = folder.assetcatalog; path = Assets.xcassets; sourceTree = "<group>"; };
		073FA4EB2050FB0400168DA5 /* Base */ = {isa = PBXFileReference; lastKnownFileType = file.storyboard; name = Base; path = Base.lproj/LaunchScreen.storyboard; sourceTree = "<group>"; };
		073FA4ED2050FB0400168DA5 /* Info.plist */ = {isa = PBXFileReference; lastKnownFileType = text.plist.xml; path = Info.plist; sourceTree = "<group>"; };
		073FA4F7205134A000168DA5 /* actions.json */ = {isa = PBXFileReference; lastKnownFileType = text.json; path = actions.json; sourceTree = "<group>"; };
		0766A125217CAABB00FFED14 /* CalendarUtil.swift */ = {isa = PBXFileReference; fileEncoding = 4; lastKnownFileType = sourcecode.swift; path = CalendarUtil.swift; sourceTree = "<group>"; };
/* End PBXFileReference section */

/* Begin PBXFrameworksBuildPhase section */
		073FA4D82050FB0400168DA5 /* Frameworks */ = {
			isa = PBXFrameworksBuildPhase;
			buildActionMask = 2147483647;
			files = (
				07089B54205B8D8E0080E10C /* libsqlite3.tbd in Frameworks */,
			);
			runOnlyForDeploymentPostprocessing = 0;
		};
/* End PBXFrameworksBuildPhase section */

/* Begin PBXGroup section */
		07089B52205B8D8D0080E10C /* Frameworks */ = {
			isa = PBXGroup;
			children = (
				07089B53205B8D8E0080E10C /* libsqlite3.tbd */,
			);
			name = Frameworks;
			sourceTree = "<group>";
		};
		073FA4D22050FB0300168DA5 = {
			isa = PBXGroup;
			children = (
				073FA4DD2050FB0400168DA5 /* TimePie */,
				073FA4DC2050FB0400168DA5 /* Products */,
				07089B52205B8D8D0080E10C /* Frameworks */,
			);
			sourceTree = "<group>";
		};
		073FA4DC2050FB0400168DA5 /* Products */ = {
			isa = PBXGroup;
			children = (
				073FA4DB2050FB0400168DA5 /* TimePie.app */,
			);
			name = Products;
			sourceTree = "<group>";
		};
		073FA4DD2050FB0400168DA5 /* TimePie */ = {
			isa = PBXGroup;
			children = (
				0766A125217CAABB00FFED14 /* CalendarUtil.swift */,
				07089B59205FD3CF0080E10C /* TodoModel.swift */,
				073FA4DE2050FB0400168DA5 /* AppDelegate.swift */,
				073FA4E02050FB0400168DA5 /* ViewController.swift */,
				07089B55205D5DF00080E10C /* SqliteUtil.swift */,
				07089B502053E6440080E10C /* TodoPicker.swift */,
				073FA4E22050FB0400168DA5 /* Main.storyboard */,
				073FA4E82050FB0400168DA5 /* Assets.xcassets */,
				073FA4EA2050FB0400168DA5 /* LaunchScreen.storyboard */,
				073FA4ED2050FB0400168DA5 /* Info.plist */,
				073FA4E52050FB0400168DA5 /* TimePie.xcdatamodeld */,
				073FA4F7205134A000168DA5 /* actions.json */,
			);
			path = TimePie;
			sourceTree = "<group>";
		};
/* End PBXGroup section */

/* Begin PBXNativeTarget section */
		073FA4DA2050FB0400168DA5 /* TimePie */ = {
			isa = PBXNativeTarget;
			buildConfigurationList = 073FA4F02050FB0400168DA5 /* Build configuration list for PBXNativeTarget "TimePie" */;
			buildPhases = (
				073FA4D72050FB0400168DA5 /* Sources */,
				073FA4D82050FB0400168DA5 /* Frameworks */,
				073FA4D92050FB0400168DA5 /* Resources */,
			);
			buildRules = (
			);
			dependencies = (
			);
			name = TimePie;
			productName = TimePie;
			productReference = 073FA4DB2050FB0400168DA5 /* TimePie.app */;
			productType = "com.apple.product-type.application";
		};
/* End PBXNativeTarget section */

/* Begin PBXProject section */
		073FA4D32050FB0400168DA5 /* Project object */ = {
			isa = PBXProject;
			attributes = {
				LastSwiftUpdateCheck = 0920;
				LastUpgradeCheck = 0940;
				ORGANIZATIONNAME = "lu wenbo";
				TargetAttributes = {
					073FA4DA2050FB0400168DA5 = {
						CreatedOnToolsVersion = 9.2;
						LastSwiftMigration = 1000;
						ProvisioningStyle = Automatic;
					};
				};
			};
			buildConfigurationList = 073FA4D62050FB0400168DA5 /* Build configuration list for PBXProject "TimePie" */;
			compatibilityVersion = "Xcode 8.0";
			developmentRegion = en;
			hasScannedForEncodings = 0;
			knownRegions = (
				en,
				Base,
			);
			mainGroup = 073FA4D22050FB0300168DA5;
			productRefGroup = 073FA4DC2050FB0400168DA5 /* Products */;
			projectDirPath = "";
			projectRoot = "";
			targets = (
				073FA4DA2050FB0400168DA5 /* TimePie */,
			);
		};
/* End PBXProject section */

/* Begin PBXResourcesBuildPhase section */
		073FA4D92050FB0400168DA5 /* Resources */ = {
			isa = PBXResourcesBuildPhase;
			buildActionMask = 2147483647;
			files = (
				07FD80E82052A8C6007D6187 /* actions.json in Resources */,
				073FA4EC2050FB0400168DA5 /* LaunchScreen.storyboard in Resources */,
				073FA4E92050FB0400168DA5 /* Assets.xcassets in Resources */,
				073FA4E42050FB0400168DA5 /* Main.storyboard in Resources */,
			);
			runOnlyForDeploymentPostprocessing = 0;
		};
/* End PBXResourcesBuildPhase section */

/* Begin PBXSourcesBuildPhase section */
		073FA4D72050FB0400168DA5 /* Sources */ = {
			isa = PBXSourcesBuildPhase;
			buildActionMask = 2147483647;
			files = (
				07089B5A205FD3D00080E10C /* TodoModel.swift in Sources */,
				073FA4E72050FB0400168DA5 /* TimePie.xcdatamodeld in Sources */,
				073FA4E12050FB0400168DA5 /* ViewController.swift in Sources */,
				0766A126217CAABB00FFED14 /* CalendarUtil.swift in Sources */,
				073FA4DF2050FB0400168DA5 /* AppDelegate.swift in Sources */,
				07089B56205D5DF00080E10C /* SqliteUtil.swift in Sources */,
				07089B512053E6440080E10C /* TodoPicker.swift in Sources */,
			);
			runOnlyForDeploymentPostprocessing = 0;
		};
/* End PBXSourcesBuildPhase section */

/* Begin PBXVariantGroup section */
		073FA4E22050FB0400168DA5 /* Main.storyboard */ = {
			isa = PBXVariantGroup;
			children = (
				073FA4E32050FB0400168DA5 /* Base */,
			);
			name = Main.storyboard;
			sourceTree = "<group>";
		};
		073FA4EA2050FB0400168DA5 /* LaunchScreen.storyboard */ = {
			isa = PBXVariantGroup;
			children = (
				073FA4EB2050FB0400168DA5 /* Base */,
			);
			name = LaunchScreen.storyboard;
			sourceTree = "<group>";
		};
/* End PBXVariantGroup section */

/* Begin XCBuildConfiguration section */
		073FA4EE2050FB0400168DA5 /* Debug */ = {
			isa = XCBuildConfiguration;
			buildSettings = {
				ALWAYS_SEARCH_USER_PATHS = NO;
				CLANG_ANALYZER_NONNULL = YES;
				CLANG_ANALYZER_NUMBER_OBJECT_CONVERSION = YES_AGGRESSIVE;
				CLANG_CXX_LANGUAGE_STANDARD = "gnu++14";
				CLANG_CXX_LIBRARY = "libc++";
				CLANG_ENABLE_MODULES = YES;
				CLANG_ENABLE_OBJC_ARC = YES;
				CLANG_WARN_BLOCK_CAPTURE_AUTORELEASING = YES;
				CLANG_WARN_BOOL_CONVERSION = YES;
				CLANG_WARN_COMMA = YES;
				CLANG_WARN_CONSTANT_CONVERSION = YES;
				CLANG_WARN_DEPRECATED_OBJC_IMPLEMENTATIONS = YES;
				CLANG_WARN_DIRECT_OBJC_ISA_USAGE = YES_ERROR;
				CLANG_WARN_DOCUMENTATION_COMMENTS = YES;
				CLANG_WARN_EMPTY_BODY = YES;
				CLANG_WARN_ENUM_CONVERSION = YES;
				CLANG_WARN_INFINITE_RECURSION = YES;
				CLANG_WARN_INT_CONVERSION = YES;
				CLANG_WARN_NON_LITERAL_NULL_CONVERSION = YES;
				CLANG_WARN_OBJC_IMPLICIT_RETAIN_SELF = YES;
				CLANG_WARN_OBJC_LITERAL_CONVERSION = YES;
				CLANG_WARN_OBJC_ROOT_CLASS = YES_ERROR;
				CLANG_WARN_RANGE_LOOP_ANALYSIS = YES;
				CLANG_WARN_STRICT_PROTOTYPES = YES;
				CLANG_WARN_SUSPICIOUS_MOVE = YES;
				CLANG_WARN_UNGUARDED_AVAILABILITY = YES_AGGRESSIVE;
				CLANG_WARN_UNREACHABLE_CODE = YES;
				CLANG_WARN__DUPLICATE_METHOD_MATCH = YES;
				CODE_SIGN_IDENTITY = "iPhone Developer";
				COPY_PHASE_STRIP = NO;
				DEBUG_INFORMATION_FORMAT = dwarf;
				ENABLE_STRICT_OBJC_MSGSEND = YES;
				ENABLE_TESTABILITY = YES;
				GCC_C_LANGUAGE_STANDARD = gnu11;
				GCC_DYNAMIC_NO_PIC = NO;
				GCC_NO_COMMON_BLOCKS = YES;
				GCC_OPTIMIZATION_LEVEL = 0;
				GCC_PREPROCESSOR_DEFINITIONS = (
					"DEBUG=1",
					"$(inherited)",
				);
				GCC_WARN_64_TO_32_BIT_CONVERSION = YES;
				GCC_WARN_ABOUT_RETURN_TYPE = YES_ERROR;
				GCC_WARN_UNDECLARED_SELECTOR = YES;
				GCC_WARN_UNINITIALIZED_AUTOS = YES_AGGRESSIVE;
				GCC_WARN_UNUSED_FUNCTION = YES;
				GCC_WARN_UNUSED_VARIABLE = YES;
				IPHONEOS_DEPLOYMENT_TARGET = 11.2;
				MTL_ENABLE_DEBUG_INFO = YES;
				ONLY_ACTIVE_ARCH = YES;
				SDKROOT = iphoneos;
				SWIFT_ACTIVE_COMPILATION_CONDITIONS = DEBUG;
				SWIFT_OPTIMIZATION_LEVEL = "-Onone";
			};
			name = Debug;
		};
		073FA4EF2050FB0400168DA5 /* Release */ = {
			isa = XCBuildConfiguration;
			buildSettings = {
				ALWAYS_SEARCH_USER_PATHS = NO;
				CLANG_ANALYZER_NONNULL = YES;
				CLANG_ANALYZER_NUMBER_OBJECT_CONVERSION = YES_AGGRESSIVE;
				CLANG_CXX_LANGUAGE_STANDARD = "gnu++14";
				CLANG_CXX_LIBRARY = "libc++";
				CLANG_ENABLE_MODULES = YES;
				CLANG_ENABLE_OBJC_ARC = YES;
				CLANG_WARN_BLOCK_CAPTURE_AUTORELEASING = YES;
				CLANG_WARN_BOOL_CONVERSION = YES;
				CLANG_WARN_COMMA = YES;
				CLANG_WARN_CONSTANT_CONVERSION = YES;
				CLANG_WARN_DEPRECATED_OBJC_IMPLEMENTATIONS = YES;
				CLANG_WARN_DIRECT_OBJC_ISA_USAGE = YES_ERROR;
				CLANG_WARN_DOCUMENTATION_COMMENTS = YES;
				CLANG_WARN_EMPTY_BODY = YES;
				CLANG_WARN_ENUM_CONVERSION = YES;
				CLANG_WARN_INFINITE_RECURSION = YES;
				CLANG_WARN_INT_CONVERSION = YES;
				CLANG_WARN_NON_LITERAL_NULL_CONVERSION = YES;
				CLANG_WARN_OBJC_IMPLICIT_RETAIN_SELF = YES;
				CLANG_WARN_OBJC_LITERAL_CONVERSION = YES;
				CLANG_WARN_OBJC_ROOT_CLASS = YES_ERROR;
				CLANG_WARN_RANGE_LOOP_ANALYSIS = YES;
				CLANG_WARN_STRICT_PROTOTYPES = YES;
				CLANG_WARN_SUSPICIOUS_MOVE = YES;
				CLANG_WARN_UNGUARDED_AVAILABILITY = YES_AGGRESSIVE;
				CLANG_WARN_UNREACHABLE_CODE = YES;
				CLANG_WARN__DUPLICATE_METHOD_MATCH = YES;
				CODE_SIGN_IDENTITY = "iPhone Developer";
				COPY_PHASE_STRIP = NO;
				DEBUG_INFORMATION_FORMAT = "dwarf-with-dsym";
				ENABLE_NS_ASSERTIONS = NO;
				ENABLE_STRICT_OBJC_MSGSEND = YES;
				GCC_C_LANGUAGE_STANDARD = gnu11;
				GCC_NO_COMMON_BLOCKS = YES;
				GCC_WARN_64_TO_32_BIT_CONVERSION = YES;
				GCC_WARN_ABOUT_RETURN_TYPE = YES_ERROR;
				GCC_WARN_UNDECLARED_SELECTOR = YES;
				GCC_WARN_UNINITIALIZED_AUTOS = YES_AGGRESSIVE;
				GCC_WARN_UNUSED_FUNCTION = YES;
				GCC_WARN_UNUSED_VARIABLE = YES;
				IPHONEOS_DEPLOYMENT_TARGET = 11.2;
				MTL_ENABLE_DEBUG_INFO = NO;
				SDKROOT = iphoneos;
				SWIFT_OPTIMIZATION_LEVEL = "-Owholemodule";
				VALIDATE_PRODUCT = YES;
			};
			name = Release;
		};
		073FA4F12050FB0400168DA5 /* Debug */ = {
			isa = XCBuildConfiguration;
			buildSettings = {
				ASSETCATALOG_COMPILER_APPICON_NAME = AppIcon;
				CODE_SIGN_STYLE = Automatic;
				DEVELOPMENT_TEAM = V3R5N5T335;
				INFOPLIST_FILE = TimePie/Info.plist;
				IPHONEOS_DEPLOYMENT_TARGET = 11.4;
				LD_RUNPATH_SEARCH_PATHS = "$(inherited) @executable_path/Frameworks";
				PRODUCT_BUNDLE_IDENTIFIER = bblu.china.TimePie;
				PRODUCT_NAME = "$(TARGET_NAME)";
				SWIFT_VERSION = 4.2;
				TARGETED_DEVICE_FAMILY = 1;
			};
			name = Debug;
		};
		073FA4F22050FB0400168DA5 /* Release */ = {
			isa = XCBuildConfiguration;
			buildSettings = {
				ASSETCATALOG_COMPILER_APPICON_NAME = AppIcon;
				CODE_SIGN_STYLE = Automatic;
				DEVELOPMENT_TEAM = V3R5N5T335;
				INFOPLIST_FILE = TimePie/Info.plist;
				IPHONEOS_DEPLOYMENT_TARGET = 11.4;
				LD_RUNPATH_SEARCH_PATHS = "$(inherited) @executable_path/Frameworks";
				PRODUCT_BUNDLE_IDENTIFIER = bblu.china.TimePie;
				PRODUCT_NAME = "$(TARGET_NAME)";
				SWIFT_VERSION = 4.2;
				TARGETED_DEVICE_FAMILY = 1;
			};
			name = Release;
		};
/* End XCBuildConfiguration section */

/* Begin XCConfigurationList section */
		073FA4D62050FB0400168DA5 /* Build configuration list for PBXProject "TimePie" */ = {
			isa = XCConfigurationList;
			buildConfigurations = (
				073FA4EE2050FB0400168DA5 /* Debug */,
				073FA4EF2050FB0400168DA5 /* Release */,
			);
			defaultConfigurationIsVisible = 0;
			defaultConfigurationName = Release;
		};
		073FA4F02050FB0400168DA5 /* Build configuration list for PBXNativeTarget "TimePie" */ = {
			isa = XCConfigurationList;
			buildConfigurations = (
				073FA4F12050FB0400168DA5 /* Debug */,
				073FA4F22050FB0400168DA5 /* Release */,
			);
			defaultConfigurationIsVisible = 0;
			defaultConfigurationName = Release;
		};
/* End XCConfigurationList section */

/* Begin XCVersionGroup section */
		073FA4E52050FB0400168DA5 /* TimePie.xcdatamodeld */ = {
			isa = XCVersionGroup;
			children = (
				073FA4E62050FB0400168DA5 /* TimePie.xcdatamodel */,
			);
			currentVersion = 073FA4E62050FB0400168DA5 /* TimePie.xcdatamodel */;
			path = TimePie.xcdatamodeld;
			sourceTree = "<group>";
			versionGroupType = wrapper.xcdatamodel;
		};
/* End XCVersionGroup section */
	};
	rootObject = 073FA4D32050FB0400168DA5 /* Project object */;
}
